
Microsoft Visual Studio Solution File, Format Version 12.00
# Visual Studio 15
VisualStudioVersion = 15.0.27428.2011
MinimumVisualStudioVersion = 10.0.40219.1
Project("{9A19103F-16F7-4668-BE54-9A1E7A4F7556}") = "mock-ae", "src\mock-ae\mock-ae.csproj", "{73B50066-3737-4B80-91E8-555E2009E2C6}"
EndProject
Project("{9A19103F-16F7-4668-BE54-9A1E7A4F7556}") = "Tests.mock-ae", "src\Tests.mock-ae\Tests.mock-ae.csproj", "{AA38ED02-57F1-4FED-97CA-5E569CB76941}"
EndProject
Global
	GlobalSection(SolutionConfigurationPlatforms) = preSolution
		Debug|Any CPU = Debug|Any CPU
		Release|Any CPU = Release|Any CPU
	EndGlobalSection
	GlobalSection(ProjectConfigurationPlatforms) = postSolution
		{73B50066-3737-4B80-91E8-555E2009E2C6}.Debug|Any CPU.ActiveCfg = Debug|Any CPU
		{73B50066-3737-4B80-91E8-555E2009E2C6}.Debug|Any CPU.Build.0 = Debug|Any CPU
		{73B50066-3737-4B80-91E8-555E2009E2C6}.Release|Any CPU.ActiveCfg = Release|Any CPU
		{73B50066-3737-4B80-91E8-555E2009E2C6}.Release|Any CPU.Build.0 = Release|Any CPU
		{AA38ED02-57F1-4FED-97CA-5E569CB76941}.Debug|Any CPU.ActiveCfg = Debug|Any CPU
		{AA38ED02-57F1-4FED-97CA-5E569CB76941}.Debug|Any CPU.Build.0 = Debug|Any CPU
		{AA38ED02-57F1-4FED-97CA-5E569CB76941}.Release|Any CPU.ActiveCfg = Release|Any CPU
		{AA38ED02-57F1-4FED-97CA-5E569CB76941}.Release|Any CPU.Build.0 = Release|Any CPU
	EndGlobalSection
	GlobalSection(SolutionProperties) = preSolution
		HideSolutionNode = FALSE
	EndGlobalSection
	GlobalSection(ExtensibilityGlobals) = postSolution
		SolutionGuid = {E7ADF3F6-AF2E-4963-BCAE-4330CEDDAE75}
	EndGlobalSection
EndGlobal
